
Microsoft Visual Studio Solution File, Format Version 12.00
# Visual Studio Version 17
VisualStudioVersion = 17.14.36221.1
MinimumVisualStudioVersion = 10.0.40219.1
Project("{FAE04EC0-301F-11D3-BF4B-00C04F79EFBC}") = "TableDownloader", "TableDownloader\TableDownloader.csproj", "{FC53C80E-9FD0-4E51-AA72-A2C31BE5FAFF}"
EndProject
Project("{FAE04EC0-301F-11D3-BF4B-00C04F79EFBC}") = "CsvToMemoryPack", "CsvToMemoryPack\CsvToMemoryPack.csproj", "{7C994907-8E5B-4C60-9E9F-3AF3F5FE2D6C}"
EndProject
Project("{FAE04EC0-301F-11D3-BF4B-00C04F79EFBC}") = "CsvToMemoryPackBinary", "CsvToMemoryPackBinary\CsvToMemoryPackBinary.csproj", "{6D5B43E6-3C0F-466D-9E01-CF82FEC98C24}"
EndProject
Global
	GlobalSection(SolutionConfigurationPlatforms) = preSolution
		Debug|Any CPU = Debug|Any CPU
		Release|Any CPU = Release|Any CPU
	EndGlobalSection
	GlobalSection(ProjectConfigurationPlatforms) = postSolution
		{FC53C80E-9FD0-4E51-AA72-A2C31BE5FAFF}.Debug|Any CPU.ActiveCfg = Debug|Any CPU
		{FC53C80E-9FD0-4E51-AA72-A2C31BE5FAFF}.Debug|Any CPU.Build.0 = Debug|Any CPU
		{FC53C80E-9FD0-4E51-AA72-A2C31BE5FAFF}.Release|Any CPU.ActiveCfg = Release|Any CPU
		{FC53C80E-9FD0-4E51-AA72-A2C31BE5FAFF}.Release|Any CPU.Build.0 = Release|Any CPU
		{7C994907-8E5B-4C60-9E9F-3AF3F5FE2D6C}.Debug|Any CPU.ActiveCfg = Debug|Any CPU
		{7C994907-8E5B-4C60-9E9F-3AF3F5FE2D6C}.Debug|Any CPU.Build.0 = Debug|Any CPU
		{7C994907-8E5B-4C60-9E9F-3AF3F5FE2D6C}.Release|Any CPU.ActiveCfg = Release|Any CPU
		{7C994907-8E5B-4C60-9E9F-3AF3F5FE2D6C}.Release|Any CPU.Build.0 = Release|Any CPU
		{6D5B43E6-3C0F-466D-9E01-CF82FEC98C24}.Debug|Any CPU.ActiveCfg = Debug|Any CPU
		{6D5B43E6-3C0F-466D-9E01-CF82FEC98C24}.Debug|Any CPU.Build.0 = Debug|Any CPU
		{6D5B43E6-3C0F-466D-9E01-CF82FEC98C24}.Release|Any CPU.ActiveCfg = Release|Any CPU
		{6D5B43E6-3C0F-466D-9E01-CF82FEC98C24}.Release|Any CPU.Build.0 = Release|Any CPU
	EndGlobalSection
	GlobalSection(SolutionProperties) = preSolution
		HideSolutionNode = FALSE
	EndGlobalSection
	GlobalSection(ExtensibilityGlobals) = postSolution
		SolutionGuid = {0E91031B-3E93-48F7-BF8C-F79AFC763FD5}
	EndGlobalSection
EndGlobal
